
Microsoft Visual Studio Solution File, Format Version 12.00
# Visual Studio Version 17
VisualStudioVersion = 17.8.34525.116
MinimumVisualStudioVersion = 10.0.40219.1
Project("{FAE04EC0-301F-11D3-BF4B-00C04F79EFBC}") = "Mensalidade", "Mensalidade\Mensalidade.csproj", "{91867FAA-60AF-46BB-9B0F-115963D3A706}"
EndProject
Global
	GlobalSection(SolutionConfigurationPlatforms) = preSolution
		Debug|Any CPU = Debug|Any CPU
		Release|Any CPU = Release|Any CPU
	EndGlobalSection
	GlobalSection(ProjectConfigurationPlatforms) = postSolution
		{91867FAA-60AF-46BB-9B0F-115963D3A706}.Debug|Any CPU.ActiveCfg = Debug|Any CPU
		{91867FAA-60AF-46BB-9B0F-115963D3A706}.Debug|Any CPU.Build.0 = Debug|Any CPU
		{91867FAA-60AF-46BB-9B0F-115963D3A706}.Release|Any CPU.ActiveCfg = Release|Any CPU
		{91867FAA-60AF-46BB-9B0F-115963D3A706}.Release|Any CPU.Build.0 = Release|Any CPU
	EndGlobalSection
	GlobalSection(SolutionProperties) = preSolution
		HideSolutionNode = FALSE
	EndGlobalSection
	GlobalSection(ExtensibilityGlobals) = postSolution
		SolutionGuid = {F8D18385-A939-4090-9CE8-4B85ED3B50AE}
	EndGlobalSection
EndGlobal
